
Microsoft Visual Studio Solution File, Format Version 12.00
# Visual Studio 14
VisualStudioVersion = 14.0.25420.1
MinimumVisualStudioVersion = 10.0.40219.1
Project("{FAE04EC0-301F-11D3-BF4B-00C04F79EFBC}") = "OnionIdentity.Model", "OnionIdentity.Model\OnionIdentity.Model.csproj", "{1399A01C-D139-430A-A6F9-E1BCBBAD4CDB}"
EndProject
Project("{FAE04EC0-301F-11D3-BF4B-00C04F79EFBC}") = "OnionIdentity.Data", "OnionIdentity.Data\OnionIdentity.Data.csproj", "{0D618D4A-8C6A-4040-BF2F-5D97063BC08A}"
EndProject
Project("{FAE04EC0-301F-11D3-BF4B-00C04F79EFBC}") = "OnionIdentity.Service", "OnionIdentity.Service\OnionIdentity.Service.csproj", "{A3336A74-C439-4C82-831D-8EA0A8F6E5BF}"
EndProject
Project("{FAE04EC0-301F-11D3-BF4B-00C04F79EFBC}") = "OnionIdentity.Web", "OnionIdentity.Web\OnionIdentity.Web.csproj", "{97AC1D2F-DB19-4F84-98F9-59A7F00B5AF9}"
EndProject
Global
	GlobalSection(SolutionConfigurationPlatforms) = preSolution
		Debug|Any CPU = Debug|Any CPU
		Release|Any CPU = Release|Any CPU
	EndGlobalSection
	GlobalSection(ProjectConfigurationPlatforms) = postSolution
		{1399A01C-D139-430A-A6F9-E1BCBBAD4CDB}.Debug|Any CPU.ActiveCfg = Debug|Any CPU
		{1399A01C-D139-430A-A6F9-E1BCBBAD4CDB}.Debug|Any CPU.Build.0 = Debug|Any CPU
		{1399A01C-D139-430A-A6F9-E1BCBBAD4CDB}.Release|Any CPU.ActiveCfg = Release|Any CPU
		{1399A01C-D139-430A-A6F9-E1BCBBAD4CDB}.Release|Any CPU.Build.0 = Release|Any CPU
		{0D618D4A-8C6A-4040-BF2F-5D97063BC08A}.Debug|Any CPU.ActiveCfg = Debug|Any CPU
		{0D618D4A-8C6A-4040-BF2F-5D97063BC08A}.Debug|Any CPU.Build.0 = Debug|Any CPU
		{0D618D4A-8C6A-4040-BF2F-5D97063BC08A}.Release|Any CPU.ActiveCfg = Release|Any CPU
		{0D618D4A-8C6A-4040-BF2F-5D97063BC08A}.Release|Any CPU.Build.0 = Release|Any CPU
		{A3336A74-C439-4C82-831D-8EA0A8F6E5BF}.Debug|Any CPU.ActiveCfg = Debug|Any CPU
		{A3336A74-C439-4C82-831D-8EA0A8F6E5BF}.Debug|Any CPU.Build.0 = Debug|Any CPU
		{A3336A74-C439-4C82-831D-8EA0A8F6E5BF}.Release|Any CPU.ActiveCfg = Release|Any CPU
		{A3336A74-C439-4C82-831D-8EA0A8F6E5BF}.Release|Any CPU.Build.0 = Release|Any CPU
		{97AC1D2F-DB19-4F84-98F9-59A7F00B5AF9}.Debug|Any CPU.ActiveCfg = Debug|Any CPU
		{97AC1D2F-DB19-4F84-98F9-59A7F00B5AF9}.Debug|Any CPU.Build.0 = Debug|Any CPU
		{97AC1D2F-DB19-4F84-98F9-59A7F00B5AF9}.Release|Any CPU.ActiveCfg = Release|Any CPU
		{97AC1D2F-DB19-4F84-98F9-59A7F00B5AF9}.Release|Any CPU.Build.0 = Release|Any CPU
	EndGlobalSection
	GlobalSection(SolutionProperties) = preSolution
		HideSolutionNode = FALSE
	EndGlobalSection
EndGlobal
